
Microsoft Visual Studio Solution File, Format Version 12.00
# Visual Studio Version 17
VisualStudioVersion = 17.6.33829.357
MinimumVisualStudioVersion = 10.0.40219.1
Project("{FAE04EC0-301F-11D3-BF4B-00C04F79EFBC}") = "DusiacademyAPI", "Dusiacademy\DusiacademyAPI.csproj", "{4CD28995-1EF5-4C14-9C76-3C32A0AF8BCD}"
EndProject
Global
	GlobalSection(SolutionConfigurationPlatforms) = preSolution
		Debug|Any CPU = Debug|Any CPU
		Release|Any CPU = Release|Any CPU
	EndGlobalSection
	GlobalSection(ProjectConfigurationPlatforms) = postSolution
		{4CD28995-1EF5-4C14-9C76-3C32A0AF8BCD}.Debug|Any CPU.ActiveCfg = Debug|Any CPU
		{4CD28995-1EF5-4C14-9C76-3C32A0AF8BCD}.Debug|Any CPU.Build.0 = Debug|Any CPU
		{4CD28995-1EF5-4C14-9C76-3C32A0AF8BCD}.Release|Any CPU.ActiveCfg = Release|Any CPU
		{4CD28995-1EF5-4C14-9C76-3C32A0AF8BCD}.Release|Any CPU.Build.0 = Release|Any CPU
	EndGlobalSection
	GlobalSection(SolutionProperties) = preSolution
		HideSolutionNode = FALSE
	EndGlobalSection
	GlobalSection(ExtensibilityGlobals) = postSolution
		SolutionGuid = {EDA43BD2-3039-4760-8E0A-44743FDBF73F}
	EndGlobalSection
EndGlobal
